Microsoft Visual Studio Solution File, Format Version 12.00
# Visual Studio 14
VisualStudioVersion = 14.0.23107.0
MinimumVisualStudioVersion = 10.0.40219.1
Project("{FAE04EC0-301F-11D3-BF4B-00C04F79EFBC}") = "1 联友生产辅助工具", "01 联友生产辅助工具\1 联友生产辅助工具.csproj", "{3E3E4BA8-2590-4FAD-A844-5ADFCB47A13E}"
EndProject
Project("{FAE04EC0-301F-11D3-BF4B-00C04F79EFBC}") = "4 码垛线-ERP单据生成程序", "04 码垛线-ERP单据生成程序\4 码垛线-ERP单据生成程序.csproj", "{1E30FDF5-C5F1-46F3-A66C-279EEA7EE702}"
EndProject
Project("{FAE04EC0-301F-11D3-BF4B-00C04F79EFBC}") = "9 程序升级-web", "09 程序升级-web\9 程序升级-web.csproj", "{2B35AA20-85A6-44CA-A5D9-0330EA03B4E2}"
EndProject
Project("{FAE04EC0-301F-11D3-BF4B-00C04F79EFBC}") = "3 码垛线测试临时客户端", "03 码垛线测试临时客户端\3 码垛线测试临时客户端.csproj", "{CCA43171-681C-462B-B5D8-0723BE6AE3DC}"
EndProject
Project("{FAE04EC0-301F-11D3-BF4B-00C04F79EFBC}") = "2 中山分公司生产辅助工具", "02 中山分公司生产辅助工具\2 中山分公司生产辅助工具.csproj", "{36BC320A-C2DA-4B07-A56E-1B4B97C43819}"
EndProject
Project("{FAE04EC0-301F-11D3-BF4B-00C04F79EFBC}") = "5 ERP定时任务", "5 ERP定时任务\5 ERP定时任务.csproj", "{4B4B0FAD-D8F3-4954-A202-0FF772F1AA59}"
EndProject
Global
	GlobalSection(SolutionConfigurationPlatforms) = preSolution
		Debug|Any CPU = Debug|Any CPU
		Release|Any CPU = Release|Any CPU
	EndGlobalSection
	GlobalSection(ProjectConfigurationPlatforms) = postSolution
		{3E3E4BA8-2590-4FAD-A844-5ADFCB47A13E}.Debug|Any CPU.ActiveCfg = Debug|Any CPU
		{3E3E4BA8-2590-4FAD-A844-5ADFCB47A13E}.Debug|Any CPU.Build.0 = Debug|Any CPU
		{3E3E4BA8-2590-4FAD-A844-5ADFCB47A13E}.Release|Any CPU.ActiveCfg = Release|Any CPU
		{3E3E4BA8-2590-4FAD-A844-5ADFCB47A13E}.Release|Any CPU.Build.0 = Release|Any CPU
		{1E30FDF5-C5F1-46F3-A66C-279EEA7EE702}.Debug|Any CPU.ActiveCfg = Debug|Any CPU
		{1E30FDF5-C5F1-46F3-A66C-279EEA7EE702}.Debug|Any CPU.Build.0 = Debug|Any CPU
		{1E30FDF5-C5F1-46F3-A66C-279EEA7EE702}.Release|Any CPU.ActiveCfg = Release|Any CPU
		{1E30FDF5-C5F1-46F3-A66C-279EEA7EE702}.Release|Any CPU.Build.0 = Release|Any CPU
		{2B35AA20-85A6-44CA-A5D9-0330EA03B4E2}.Debug|Any CPU.ActiveCfg = Debug|Any CPU
		{2B35AA20-85A6-44CA-A5D9-0330EA03B4E2}.Debug|Any CPU.Build.0 = Debug|Any CPU
		{2B35AA20-85A6-44CA-A5D9-0330EA03B4E2}.Release|Any CPU.ActiveCfg = Release|Any CPU
		{2B35AA20-85A6-44CA-A5D9-0330EA03B4E2}.Release|Any CPU.Build.0 = Release|Any CPU
		{CCA43171-681C-462B-B5D8-0723BE6AE3DC}.Debug|Any CPU.ActiveCfg = Debug|Any CPU
		{CCA43171-681C-462B-B5D8-0723BE6AE3DC}.Debug|Any CPU.Build.0 = Debug|Any CPU
		{CCA43171-681C-462B-B5D8-0723BE6AE3DC}.Release|Any CPU.ActiveCfg = Release|Any CPU
		{CCA43171-681C-462B-B5D8-0723BE6AE3DC}.Release|Any CPU.Build.0 = Release|Any CPU
		{36BC320A-C2DA-4B07-A56E-1B4B97C43819}.Debug|Any CPU.ActiveCfg = Debug|Any CPU
		{36BC320A-C2DA-4B07-A56E-1B4B97C43819}.Debug|Any CPU.Build.0 = Debug|Any CPU
		{36BC320A-C2DA-4B07-A56E-1B4B97C43819}.Release|Any CPU.ActiveCfg = Release|Any CPU
		{36BC320A-C2DA-4B07-A56E-1B4B97C43819}.Release|Any CPU.Build.0 = Release|Any CPU
		{4B4B0FAD-D8F3-4954-A202-0FF772F1AA59}.Debug|Any CPU.ActiveCfg = Debug|Any CPU
		{4B4B0FAD-D8F3-4954-A202-0FF772F1AA59}.Debug|Any CPU.Build.0 = Debug|Any CPU
		{4B4B0FAD-D8F3-4954-A202-0FF772F1AA59}.Release|Any CPU.ActiveCfg = Release|Any CPU
		{4B4B0FAD-D8F3-4954-A202-0FF772F1AA59}.Release|Any CPU.Build.0 = Release|Any CPU
	EndGlobalSection
	GlobalSection(SolutionProperties) = preSolution
		HideSolutionNode = FALSE
	EndGlobalSection
EndGlobal
