Microsoft Visual Studio Solution File, Format Version 12.00
# Visual Studio 14
VisualStudioVersion = 14.0.23107.0
MinimumVisualStudioVersion = 10.0.40219.1
Project("{FAE04EC0-301F-11D3-BF4B-00C04F79EFBC}") = "1 联友生产辅助工具", "01 联友生产辅助工具\1 联友生产辅助工具.csproj", "{3E3E4BA8-2590-4FAD-A844-5ADFCB47A13E}"
EndProject
Project("{FAE04EC0-301F-11D3-BF4B-00C04F79EFBC}") = "4 码垛线生成并打印出货清单", "04 码垛线生成出货清单\4 码垛线生成并打印出货清单.csproj", "{1E30FDF5-C5F1-46F3-A66C-279EEA7EE702}"
EndProject
Project("{FAE04EC0-301F-11D3-BF4B-00C04F79EFBC}") = "7 程序升级-web", "07 程序升级-web\7 程序升级-web.csproj", "{2B35AA20-85A6-44CA-A5D9-0330EA03B4E2}"
EndProject
Project("{FAE04EC0-301F-11D3-BF4B-00C04F79EFBC}") = "8 程序升级-ftp", "08 程序升级-ftp\8 程序升级-ftp.csproj", "{FDB12813-43C7-4084-B926-B534F42C59D7}"
EndProject
Project("{FAE04EC0-301F-11D3-BF4B-00C04F79EFBC}") = "9 码垛线测试临时客户端", "09 码垛线测试临时客户端\9 码垛线测试临时客户端.csproj", "{CCA43171-681C-462B-B5D8-0723BE6AE3DC}"
EndProject
Project("{FAE04EC0-301F-11D3-BF4B-00C04F79EFBC}") = "99 测试", "99 测试\99 测试.csproj", "{31A2B7E7-5087-4128-A0D4-7B9B1201C72F}"
EndProject
Project("{FAE04EC0-301F-11D3-BF4B-00C04F79EFBC}") = "ConsoleTest", "ConsoleTest\ConsoleTest.csproj", "{060526CC-3F83-4DF4-A834-651786C36D8F}"
EndProject
Project("{FAE04EC0-301F-11D3-BF4B-00C04F79EFBC}") = "11 联友采购平台", "11 联友采购平台\11 联友采购平台.csproj", "{8E786DE9-0E18-4803-AC7F-2821F560CC7B}"
EndProject
Global
	GlobalSection(SolutionConfigurationPlatforms) = preSolution
		Debug|Any CPU = Debug|Any CPU
		Release|Any CPU = Release|Any CPU
	EndGlobalSection
	GlobalSection(ProjectConfigurationPlatforms) = postSolution
		{3E3E4BA8-2590-4FAD-A844-5ADFCB47A13E}.Debug|Any CPU.ActiveCfg = Debug|Any CPU
		{3E3E4BA8-2590-4FAD-A844-5ADFCB47A13E}.Debug|Any CPU.Build.0 = Debug|Any CPU
		{3E3E4BA8-2590-4FAD-A844-5ADFCB47A13E}.Release|Any CPU.ActiveCfg = Release|Any CPU
		{3E3E4BA8-2590-4FAD-A844-5ADFCB47A13E}.Release|Any CPU.Build.0 = Release|Any CPU
		{1E30FDF5-C5F1-46F3-A66C-279EEA7EE702}.Debug|Any CPU.ActiveCfg = Debug|Any CPU
		{1E30FDF5-C5F1-46F3-A66C-279EEA7EE702}.Debug|Any CPU.Build.0 = Debug|Any CPU
		{1E30FDF5-C5F1-46F3-A66C-279EEA7EE702}.Release|Any CPU.ActiveCfg = Release|Any CPU
		{1E30FDF5-C5F1-46F3-A66C-279EEA7EE702}.Release|Any CPU.Build.0 = Release|Any CPU
		{2B35AA20-85A6-44CA-A5D9-0330EA03B4E2}.Debug|Any CPU.ActiveCfg = Debug|Any CPU
		{2B35AA20-85A6-44CA-A5D9-0330EA03B4E2}.Debug|Any CPU.Build.0 = Debug|Any CPU
		{2B35AA20-85A6-44CA-A5D9-0330EA03B4E2}.Release|Any CPU.ActiveCfg = Release|Any CPU
		{2B35AA20-85A6-44CA-A5D9-0330EA03B4E2}.Release|Any CPU.Build.0 = Release|Any CPU
		{FDB12813-43C7-4084-B926-B534F42C59D7}.Debug|Any CPU.ActiveCfg = Debug|Any CPU
		{FDB12813-43C7-4084-B926-B534F42C59D7}.Debug|Any CPU.Build.0 = Debug|Any CPU
		{FDB12813-43C7-4084-B926-B534F42C59D7}.Release|Any CPU.ActiveCfg = Release|Any CPU
		{FDB12813-43C7-4084-B926-B534F42C59D7}.Release|Any CPU.Build.0 = Release|Any CPU
		{CCA43171-681C-462B-B5D8-0723BE6AE3DC}.Debug|Any CPU.ActiveCfg = Debug|Any CPU
		{CCA43171-681C-462B-B5D8-0723BE6AE3DC}.Debug|Any CPU.Build.0 = Debug|Any CPU
		{CCA43171-681C-462B-B5D8-0723BE6AE3DC}.Release|Any CPU.ActiveCfg = Release|Any CPU
		{CCA43171-681C-462B-B5D8-0723BE6AE3DC}.Release|Any CPU.Build.0 = Release|Any CPU
		{31A2B7E7-5087-4128-A0D4-7B9B1201C72F}.Debug|Any CPU.ActiveCfg = Debug|Any CPU
		{31A2B7E7-5087-4128-A0D4-7B9B1201C72F}.Debug|Any CPU.Build.0 = Debug|Any CPU
		{31A2B7E7-5087-4128-A0D4-7B9B1201C72F}.Release|Any CPU.ActiveCfg = Release|Any CPU
		{31A2B7E7-5087-4128-A0D4-7B9B1201C72F}.Release|Any CPU.Build.0 = Release|Any CPU
		{060526CC-3F83-4DF4-A834-651786C36D8F}.Debug|Any CPU.ActiveCfg = Debug|Any CPU
		{060526CC-3F83-4DF4-A834-651786C36D8F}.Debug|Any CPU.Build.0 = Debug|Any CPU
		{060526CC-3F83-4DF4-A834-651786C36D8F}.Release|Any CPU.ActiveCfg = Release|Any CPU
		{060526CC-3F83-4DF4-A834-651786C36D8F}.Release|Any CPU.Build.0 = Release|Any CPU
		{8E786DE9-0E18-4803-AC7F-2821F560CC7B}.Debug|Any CPU.ActiveCfg = Debug|Any CPU
		{8E786DE9-0E18-4803-AC7F-2821F560CC7B}.Debug|Any CPU.Build.0 = Debug|Any CPU
		{8E786DE9-0E18-4803-AC7F-2821F560CC7B}.Release|Any CPU.ActiveCfg = Release|Any CPU
		{8E786DE9-0E18-4803-AC7F-2821F560CC7B}.Release|Any CPU.Build.0 = Release|Any CPU
	EndGlobalSection
	GlobalSection(SolutionProperties) = preSolution
		HideSolutionNode = FALSE
	EndGlobalSection
EndGlobal
