
Microsoft Visual Studio Solution File, Format Version 12.00
# Visual Studio 14
VisualStudioVersion = 14.0.25420.1
MinimumVisualStudioVersion = 10.0.40219.1
Project("{FAE04EC0-301F-11D3-BF4B-00C04F79EFBC}") = "2 联友生产辅助工具", "联友生产辅助工具\2 联友生产辅助工具.csproj", "{3E3E4BA8-2590-4FAD-A844-5ADFCB47A13E}"
EndProject
Project("{FAE04EC0-301F-11D3-BF4B-00C04F79EFBC}") = "0 AutoUpdate", "AutoUpdate\0 AutoUpdate.csproj", "{2B35AA20-85A6-44CA-A5D9-0330EA03B4E2}"
EndProject
Project("{FAE04EC0-301F-11D3-BF4B-00C04F79EFBC}") = "9 码垛线测试临时客户端", "码垛线测试临时客户端\9 码垛线测试临时客户端.csproj", "{CCA43171-681C-462B-B5D8-0723BE6AE3DC}"
EndProject
Global
	GlobalSection(SolutionConfigurationPlatforms) = preSolution
		Debug|Any CPU = Debug|Any CPU
		Release|Any CPU = Release|Any CPU
	EndGlobalSection
	GlobalSection(ProjectConfigurationPlatforms) = postSolution
		{3E3E4BA8-2590-4FAD-A844-5ADFCB47A13E}.Debug|Any CPU.ActiveCfg = Debug|Any CPU
		{3E3E4BA8-2590-4FAD-A844-5ADFCB47A13E}.Debug|Any CPU.Build.0 = Debug|Any CPU
		{3E3E4BA8-2590-4FAD-A844-5ADFCB47A13E}.Release|Any CPU.ActiveCfg = Release|Any CPU
		{3E3E4BA8-2590-4FAD-A844-5ADFCB47A13E}.Release|Any CPU.Build.0 = Release|Any CPU
		{2B35AA20-85A6-44CA-A5D9-0330EA03B4E2}.Debug|Any CPU.ActiveCfg = Debug|Any CPU
		{2B35AA20-85A6-44CA-A5D9-0330EA03B4E2}.Debug|Any CPU.Build.0 = Debug|Any CPU
		{2B35AA20-85A6-44CA-A5D9-0330EA03B4E2}.Release|Any CPU.ActiveCfg = Release|Any CPU
		{2B35AA20-85A6-44CA-A5D9-0330EA03B4E2}.Release|Any CPU.Build.0 = Release|Any CPU
		{CCA43171-681C-462B-B5D8-0723BE6AE3DC}.Debug|Any CPU.ActiveCfg = Debug|Any CPU
		{CCA43171-681C-462B-B5D8-0723BE6AE3DC}.Debug|Any CPU.Build.0 = Debug|Any CPU
		{CCA43171-681C-462B-B5D8-0723BE6AE3DC}.Release|Any CPU.ActiveCfg = Release|Any CPU
		{CCA43171-681C-462B-B5D8-0723BE6AE3DC}.Release|Any CPU.Build.0 = Release|Any CPU
	EndGlobalSection
	GlobalSection(SolutionProperties) = preSolution
		HideSolutionNode = FALSE
	EndGlobalSection
EndGlobal
